
Microsoft Visual Studio Solution File, Format Version 12.00
# Visual Studio Version 16
VisualStudioVersion = 16.0.30204.135
MinimumVisualStudioVersion = 10.0.40219.1
Project("{8BC9CEB8-8B4A-11D0-8D11-00A0C91BC942}") = "12062020lab", "12062020lab.vcxproj", "{D64E1489-72E5-4FBE-B925-2912B2F5C2C7}"
EndProject
Global
	GlobalSection(SolutionConfigurationPlatforms) = preSolution
		Debug|x64 = Debug|x64
		Debug|x86 = Debug|x86
		Release|x64 = Release|x64
		Release|x86 = Release|x86
	EndGlobalSection
	GlobalSection(ProjectConfigurationPlatforms) = postSolution
		{D64E1489-72E5-4FBE-B925-2912B2F5C2C7}.Debug|x64.ActiveCfg = Debug|x64
		{D64E1489-72E5-4FBE-B925-2912B2F5C2C7}.Debug|x64.Build.0 = Debug|x64
		{D64E1489-72E5-4FBE-B925-2912B2F5C2C7}.Debug|x86.ActiveCfg = Debug|Win32
		{D64E1489-72E5-4FBE-B925-2912B2F5C2C7}.Debug|x86.Build.0 = Debug|Win32
		{D64E1489-72E5-4FBE-B925-2912B2F5C2C7}.Release|x64.ActiveCfg = Release|x64
		{D64E1489-72E5-4FBE-B925-2912B2F5C2C7}.Release|x64.Build.0 = Release|x64
		{D64E1489-72E5-4FBE-B925-2912B2F5C2C7}.Release|x86.ActiveCfg = Release|Win32
		{D64E1489-72E5-4FBE-B925-2912B2F5C2C7}.Release|x86.Build.0 = Release|Win32
	EndGlobalSection
	GlobalSection(SolutionProperties) = preSolution
		HideSolutionNode = FALSE
	EndGlobalSection
	GlobalSection(ExtensibilityGlobals) = postSolution
		SolutionGuid = {EDEFE2D3-ECF4-402D-A8BF-5819F9B31428}
	EndGlobalSection
EndGlobal
